lockfileVersion: '9.0'

settings:
  autoInstallPeers: true
  excludeLinksFromLockfile: false

importers:

  .:
    dependencies:
      algoliasearch:
        specifier: ^5.15.0
        version: 5.15.0

packages:

  '@algolia/client-abtesting@5.15.0':
    resolution: {integrity: sha512-FaEM40iuiv1mAipYyiptP4EyxkJ8qHfowCpEeusdHUC4C7spATJYArD2rX3AxkVeREkDIgYEOuXcwKUbDCr7Nw==}
    engines: {node: '>= 14.0.0'}

  '@algolia/client-analytics@5.15.0':
    resolution: {integrity: sha512-lho0gTFsQDIdCwyUKTtMuf9nCLwq9jOGlLGIeQGKDxXF7HbiAysFIu5QW/iQr1LzMgDyM9NH7K98KY+BiIFriQ==}
    engines: {node: '>= 14.0.0'}

  '@algolia/client-common@5.15.0':
    resolution: {integrity: sha512-IofrVh213VLsDkPoSKMeM9Dshrv28jhDlBDLRcVJQvlL8pzue7PEB1EZ4UoJFYS3NSn7JOcJ/V+olRQzXlJj1w==}
    engines: {node: '>= 14.0.0'}

  '@algolia/client-insights@5.15.0':
    resolution: {integrity: sha512-bDDEQGfFidDi0UQUCbxXOCdphbVAgbVmxvaV75cypBTQkJ+ABx/Npw7LkFGw1FsoVrttlrrQbwjvUB6mLVKs/w==}
    engines: {node: '>= 14.0.0'}

  '@algolia/client-personalization@5.15.0':
    resolution: {integrity: sha512-LfaZqLUWxdYFq44QrasCDED5bSYOswpQjSiIL7Q5fYlefAAUO95PzBPKCfUhSwhb4rKxigHfDkd81AvEicIEoA==}
    engines: {node: '>= 14.0.0'}

  '@algolia/client-query-suggestions@5.15.0':
    resolution: {integrity: sha512-wu8GVluiZ5+il8WIRsGKu8VxMK9dAlr225h878GGtpTL6VBvwyJvAyLdZsfFIpY0iN++jiNb31q2C1PlPL+n/A==}
    engines: {node: '>= 14.0.0'}

  '@algolia/client-search@5.15.0':
    resolution: {integrity: sha512-Z32gEMrRRpEta5UqVQA612sLdoqY3AovvUPClDfMxYrbdDAebmGDVPtSogUba1FZ4pP5dx20D3OV3reogLKsRA==}
    engines: {node: '>= 14.0.0'}

  '@algolia/ingestion@1.15.0':
    resolution: {integrity: sha512-MkqkAxBQxtQ5if/EX2IPqFA7LothghVyvPoRNA/meS2AW2qkHwcxjuiBxv4H6mnAVEPfJlhu9rkdVz9LgCBgJg==}
    engines: {node: '>= 14.0.0'}

  '@algolia/monitoring@1.15.0':
    resolution: {integrity: sha512-QPrFnnGLMMdRa8t/4bs7XilPYnoUXDY8PMQJ1sf9ZFwhUysYYhQNX34/enoO0LBjpoOY6rLpha39YQEFbzgKyQ==}
    engines: {node: '>= 14.0.0'}

  '@algolia/recommend@5.15.0':
    resolution: {integrity: sha512-5eupMwSqMLDObgSMF0XG958zR6GJP3f7jHDQ3/WlzCM9/YIJiWIUoJFGsko9GYsA5xbLDHE/PhWtq4chcCdaGQ==}
    engines: {node: '>= 14.0.0'}

  '@algolia/requester-browser-xhr@5.15.0':
    resolution: {integrity: sha512-Po/GNib6QKruC3XE+WKP1HwVSfCDaZcXu48kD+gwmtDlqHWKc7Bq9lrS0sNZ456rfCKhXksOmMfUs4wRM/Y96w==}
    engines: {node: '>= 14.0.0'}

  '@algolia/requester-fetch@5.15.0':
    resolution: {integrity: sha512-rOZ+c0P7ajmccAvpeeNrUmEKoliYFL8aOR5qGW5pFq3oj3Iept7Y5mEtEsOBYsRt6qLnaXn4zUKf+N8nvJpcIw==}
    engines: {node: '>= 14.0.0'}

  '@algolia/requester-node-http@5.15.0':
    resolution: {integrity: sha512-b1jTpbFf9LnQHEJP5ddDJKE2sAlhYd7EVSOWgzo/27n/SfCoHfqD0VWntnWYD83PnOKvfe8auZ2+xCb0TXotrQ==}
    engines: {node: '>= 14.0.0'}

  algoliasearch@5.15.0:
    resolution: {integrity: sha512-Yf3Swz1s63hjvBVZ/9f2P1Uu48GjmjCN+Esxb6MAONMGtZB1fRX8/S1AhUTtsuTlcGovbYLxpHgc7wEzstDZBw==}
    engines: {node: '>= 14.0.0'}

snapshots:

  '@algolia/client-abtesting@5.15.0':
    dependencies:
      '@algolia/client-common': 5.15.0
      '@algolia/requester-browser-xhr': 5.15.0
      '@algolia/requester-fetch': 5.15.0
      '@algolia/requester-node-http': 5.15.0

  '@algolia/client-analytics@5.15.0':
    dependencies:
      '@algolia/client-common': 5.15.0
      '@algolia/requester-browser-xhr': 5.15.0
      '@algolia/requester-fetch': 5.15.0
      '@algolia/requester-node-http': 5.15.0

  '@algolia/client-common@5.15.0': {}

  '@algolia/client-insights@5.15.0':
    dependencies:
      '@algolia/client-common': 5.15.0
      '@algolia/requester-browser-xhr': 5.15.0
      '@algolia/requester-fetch': 5.15.0
      '@algolia/requester-node-http': 5.15.0

  '@algolia/client-personalization@5.15.0':
    dependencies:
      '@algolia/client-common': 5.15.0
      '@algolia/requester-browser-xhr': 5.15.0
      '@algolia/requester-fetch': 5.15.0
      '@algolia/requester-node-http': 5.15.0

  '@algolia/client-query-suggestions@5.15.0':
    dependencies:
      '@algolia/client-common': 5.15.0
      '@algolia/requester-browser-xhr': 5.15.0
      '@algolia/requester-fetch': 5.15.0
      '@algolia/requester-node-http': 5.15.0

  '@algolia/client-search@5.15.0':
    dependencies:
      '@algolia/client-common': 5.15.0
      '@algolia/requester-browser-xhr': 5.15.0
      '@algolia/requester-fetch': 5.15.0
      '@algolia/requester-node-http': 5.15.0

  '@algolia/ingestion@1.15.0':
    dependencies:
      '@algolia/client-common': 5.15.0
      '@algolia/requester-browser-xhr': 5.15.0
      '@algolia/requester-fetch': 5.15.0
      '@algolia/requester-node-http': 5.15.0

  '@algolia/monitoring@1.15.0':
    dependencies:
      '@algolia/client-common': 5.15.0
      '@algolia/requester-browser-xhr': 5.15.0
      '@algolia/requester-fetch': 5.15.0
      '@algolia/requester-node-http': 5.15.0

  '@algolia/recommend@5.15.0':
    dependencies:
      '@algolia/client-common': 5.15.0
      '@algolia/requester-browser-xhr': 5.15.0
      '@algolia/requester-fetch': 5.15.0
      '@algolia/requester-node-http': 5.15.0

  '@algolia/requester-browser-xhr@5.15.0':
    dependencies:
      '@algolia/client-common': 5.15.0

  '@algolia/requester-fetch@5.15.0':
    dependencies:
      '@algolia/client-common': 5.15.0

  '@algolia/requester-node-http@5.15.0':
    dependencies:
      '@algolia/client-common': 5.15.0

  algoliasearch@5.15.0:
    dependencies:
      '@algolia/client-abtesting': 5.15.0
      '@algolia/client-analytics': 5.15.0
      '@algolia/client-common': 5.15.0
      '@algolia/client-insights': 5.15.0
      '@algolia/client-personalization': 5.15.0
      '@algolia/client-query-suggestions': 5.15.0
      '@algolia/client-search': 5.15.0
      '@algolia/ingestion': 1.15.0
      '@algolia/monitoring': 1.15.0
      '@algolia/recommend': 5.15.0
      '@algolia/requester-browser-xhr': 5.15.0
      '@algolia/requester-fetch': 5.15.0
      '@algolia/requester-node-http': 5.15.0
